# This file was autogenerated by Stack.
# You should not edit this file by hand.
# For more information, please see the documentation at:
#   https://docs.haskellstack.org/en/stable/lock_files

packages:
- completed:
    git: https://github.com/fwcd/lighthouse-haskell.git
    name: lighthouse-client
    subdir: lighthouse-client
    pantry-tree:
      sha256: d6d60c993f99d8679e78ff81ecd1e182d8395ada64c7ca2bf584b7deb8ecc6d5
      size: 969
    commit: d418d63e1325c546661fc6f09dc5c08ad6d62cf0
    version: 0.1.0.0
  original:
    git: https://github.com/fwcd/lighthouse-haskell.git
    subdir: lighthouse-client
    commit: d418d63e1325c546661fc6f09dc5c08ad6d62cf0
- completed:
    hackage: msgpack-1.0.1.0@sha256:a87b663fc28d661b41552331d22e10b34028cad8a592ae758ac47e363933b6bd,3004
    pantry-tree:
      sha256: 9b6a847c24cc11e6cf83582ad02740142c9cd0e80c88aa718895fd31fb401482
      size: 595
  original:
    hackage: msgpack-1.0.1.0
snapshots:
- completed:
    sha256: 7f69bb29a57495586e7e3ed31ecc59c0d2c959cb23bd52b71ca676f254c9beb1
    size: 587819
    url: https://raw.githubusercontent.com/commercialhaskell/stackage-snapshots/master/lts/18/23.yaml
  original: lts-18.23
